// !$*UTF8*$!
{
	archiveVersion = 1;
	classes = {
	};
	objectVersion = 77;
	objects = {

/* Begin PBXBuildFile section */
		0560EC6A2E0635B8001CC392 /* ViewController.swift in Sources */ = {isa = PBXBuildFile; fileRef = 05F71CC82E06315C008509D8 /* ViewController.swift */; };
		0560EC6D2E063831001CC392 /* MultiUIKit.xcframework in Frameworks */ = {isa = PBXBuildFile; fileRef = 0560EC6C2E063831001CC392 /* MultiUIKit.xcframework */; };
		0560EC6E2E063831001CC392 /* MultiUIKit.xcframework in Embed Frameworks */ = {isa = PBXBuildFile; fileRef = 0560EC6C2E063831001CC392 /* MultiUIKit.xcframework */; settings = {ATTRIBUTES = (CodeSignOnCopy, RemoveHeadersOnCopy, ); }; };
		0560EC702E063849001CC392 /* MultiUIKit.xcframework in Frameworks */ = {isa = PBXBuildFile; fileRef = 0560EC6C2E063831001CC392 /* MultiUIKit.xcframework */; };
		0560EC712E063849001CC392 /* MultiUIKit.xcframework in Embed Frameworks */ = {isa = PBXBuildFile; fileRef = 0560EC6C2E063831001CC392 /* MultiUIKit.xcframework */; settings = {ATTRIBUTES = (CodeSignOnCopy, RemoveHeadersOnCopy, ); }; };
		05CED8BB2E06DAB50028C549 /* MultiFrameKit.xcframework in Frameworks */ = {isa = PBXBuildFile; fileRef = 05CED8BA2E06DAB40028C549 /* MultiFrameKit.xcframework */; };
		05CED8BC2E06DAB50028C549 /* MultiFrameKit.xcframework in Embed Frameworks */ = {isa = PBXBuildFile; fileRef = 05CED8BA2E06DAB40028C549 /* MultiFrameKit.xcframework */; settings = {ATTRIBUTES = (CodeSignOnCopy, RemoveHeadersOnCopy, ); }; };
		05CED8BD2E06DAD10028C549 /* MultiFrameKit.xcframework in Frameworks */ = {isa = PBXBuildFile; fileRef = 05CED8BA2E06DAB40028C549 /* MultiFrameKit.xcframework */; };
		05CED8BE2E06DAD10028C549 /* MultiFrameKit.xcframework in Embed Frameworks */ = {isa = PBXBuildFile; fileRef = 05CED8BA2E06DAB40028C549 /* MultiFrameKit.xcframework */; settings = {ATTRIBUTES = (CodeSignOnCopy, RemoveHeadersOnCopy, ); }; };
		05CED8C02E06DB3A0028C549 /* MultiDataKit.xcframework in Frameworks */ = {isa = PBXBuildFile; fileRef = 05CED8BF2E06DB3A0028C549 /* MultiDataKit.xcframework */; };
		05CED8C12E06DB3A0028C549 /* MultiDataKit.xcframework in Embed Frameworks */ = {isa = PBXBuildFile; fileRef = 05CED8BF2E06DB3A0028C549 /* MultiDataKit.xcframework */; settings = {ATTRIBUTES = (CodeSignOnCopy, RemoveHeadersOnCopy, ); }; };
		05CED8C22E06DB540028C549 /* MultiDataKit.xcframework in Frameworks */ = {isa = PBXBuildFile; fileRef = 05CED8BF2E06DB3A0028C549 /* MultiDataKit.xcframework */; };
		05CED8C32E06DB540028C549 /* MultiDataKit.xcframework in Embed Frameworks */ = {isa = PBXBuildFile; fileRef = 05CED8BF2E06DB3A0028C549 /* MultiDataKit.xcframework */; settings = {ATTRIBUTES = (CodeSignOnCopy, RemoveHeadersOnCopy, ); }; };
		05F71CC92E06315C008509D8 /* ViewController.swift in Sources */ = {isa = PBXBuildFile; fileRef = 05F71CC82E06315C008509D8 /* ViewController.swift */; };
/* End PBXBuildFile section */

/* Begin PBXCopyFilesBuildPhase section */
		0560EC6F2E063831001CC392 /* Embed Frameworks */ = {
			isa = PBXCopyFilesBuildPhase;
			buildActionMask = 2147483647;
			dstPath = "";
			dstSubfolderSpec = 10;
			files = (
				05CED8BC2E06DAB50028C549 /* MultiFrameKit.xcframework in Embed Frameworks */,
				0560EC6E2E063831001CC392 /* MultiUIKit.xcframework in Embed Frameworks */,
				05CED8C12E06DB3A0028C549 /* MultiDataKit.xcframework in Embed Frameworks */,
			);
			name = "Embed Frameworks";
			runOnlyForDeploymentPostprocessing = 0;
		};
		0560EC722E063849001CC392 /* Embed Frameworks */ = {
			isa = PBXCopyFilesBuildPhase;
			buildActionMask = 2147483647;
			dstPath = "";
			dstSubfolderSpec = 10;
			files = (
				05CED8BE2E06DAD10028C549 /* MultiFrameKit.xcframework in Embed Frameworks */,
				0560EC712E063849001CC392 /* MultiUIKit.xcframework in Embed Frameworks */,
				05CED8C32E06DB540028C549 /* MultiDataKit.xcframework in Embed Frameworks */,
			);
			name = "Embed Frameworks";
			runOnlyForDeploymentPostprocessing = 0;
		};
/* End PBXCopyFilesBuildPhase section */

/* Begin PBXFileReference section */
		0560EC6C2E063831001CC392 /* MultiUIKit.xcframework */ = {isa = PBXFileReference; lastKnownFileType = wrapper.xcframework; name = MultiUIKit.xcframework; path = ../../../Library/Frameworks/MultiUIKit.xcframework; sourceTree = "<group>"; };
		05CED8BA2E06DAB40028C549 /* MultiFrameKit.xcframework */ = {isa = PBXFileReference; lastKnownFileType = wrapper.xcframework; name = MultiFrameKit.xcframework; path = ../../../Library/Frameworks/MultiFrameKit.xcframework; sourceTree = "<group>"; };
		05CED8BF2E06DB3A0028C549 /* MultiDataKit.xcframework */ = {isa = PBXFileReference; lastKnownFileType = wrapper.xcframework; name = MultiDataKit.xcframework; path = ../../../Library/Frameworks/MultiDataKit.xcframework; sourceTree = "<group>"; };
		05D419602E06332600D909B5 /* ArisiaCard.app */ = {isa = PBXFileReference; explicitFileType = wrapper.application; includeInIndex = 0; path = ArisiaCard.app; sourceTree = BUILT_PRODUCTS_DIR; };
		05F71CC32E06315C008509D8 /* ArisiaCard.app */ = {isa = PBXFileReference; explicitFileType = wrapper.application; includeInIndex = 0; path = ArisiaCard.app; sourceTree = BUILT_PRODUCTS_DIR; };
		05F71CC82E06315C008509D8 /* ViewController.swift */ = {isa = PBXFileReference; lastKnownFileType = sourcecode.swift; path = ViewController.swift; sourceTree = "<group>"; };
/* End PBXFileReference section */

/* Begin PBXFileSystemSynchronizedBuildFileExceptionSet section */
		05D419712E06332800D909B5 /* Exceptions for "ArisiaCard_iOS" folder in "ArisiaCard_iOS" target */ = {
			isa = PBXFileSystemSynchronizedBuildFileExceptionSet;
			membershipExceptions = (
				Info.plist,
			);
			target = 05D4195F2E06332600D909B5 /* ArisiaCard_iOS */;
		};
/* End PBXFileSystemSynchronizedBuildFileExceptionSet section */

/* Begin PBXFileSystemSynchronizedRootGroup section */
		05D419612E06332600D909B5 /* ArisiaCard_iOS */ = {
			isa = PBXFileSystemSynchronizedRootGroup;
			exceptions = (
				05D419712E06332800D909B5 /* Exceptions for "ArisiaCard_iOS" folder in "ArisiaCard_iOS" target */,
			);
			path = ArisiaCard_iOS;
			sourceTree = "<group>";
		};
		05F71CC52E06315C008509D8 /* ArisiaCard_macOS */ = {
			isa = PBXFileSystemSynchronizedRootGroup;
			path = ArisiaCard_macOS;
			sourceTree = "<group>";
		};
/* End PBXFileSystemSynchronizedRootGroup section */

/* Begin PBXFrameworksBuildPhase section */
		05D4195D2E06332600D909B5 /* Frameworks */ = {
			isa = PBXFrameworksBuildPhase;
			buildActionMask = 2147483647;
			files = (
				05CED8BD2E06DAD10028C549 /* MultiFrameKit.xcframework in Frameworks */,
				0560EC702E063849001CC392 /* MultiUIKit.xcframework in Frameworks */,
				05CED8C22E06DB540028C549 /* MultiDataKit.xcframework in Frameworks */,
			);
			runOnlyForDeploymentPostprocessing = 0;
		};
		05F71CC02E06315C008509D8 /* Frameworks */ = {
			isa = PBXFrameworksBuildPhase;
			buildActionMask = 2147483647;
			files = (
				05CED8BB2E06DAB50028C549 /* MultiFrameKit.xcframework in Frameworks */,
				0560EC6D2E063831001CC392 /* MultiUIKit.xcframework in Frameworks */,
				05CED8C02E06DB3A0028C549 /* MultiDataKit.xcframework in Frameworks */,
			);
			runOnlyForDeploymentPostprocessing = 0;
		};
/* End PBXFrameworksBuildPhase section */

/* Begin PBXGroup section */
		0560EC6B2E063830001CC392 /* Frameworks */ = {
			isa = PBXGroup;
			children = (
				05CED8BF2E06DB3A0028C549 /* MultiDataKit.xcframework */,
				05CED8BA2E06DAB40028C549 /* MultiFrameKit.xcframework */,
				0560EC6C2E063831001CC392 /* MultiUIKit.xcframework */,
			);
			name = Frameworks;
			sourceTree = "<group>";
		};
		05F71CBA2E06315C008509D8 = {
			isa = PBXGroup;
			children = (
				05F71CC52E06315C008509D8 /* ArisiaCard_macOS */,
				05D419612E06332600D909B5 /* ArisiaCard_iOS */,
				05F71CD52E063186008509D8 /* Source */,
				0560EC6B2E063830001CC392 /* Frameworks */,
				05F71CC42E06315C008509D8 /* Products */,
			);
			sourceTree = "<group>";
		};
		05F71CC42E06315C008509D8 /* Products */ = {
			isa = PBXGroup;
			children = (
				05F71CC32E06315C008509D8 /* ArisiaCard.app */,
				05D419602E06332600D909B5 /* ArisiaCard.app */,
			);
			name = Products;
			sourceTree = "<group>";
		};
		05F71CD52E063186008509D8 /* Source */ = {
			isa = PBXGroup;
			children = (
				05F71CC82E06315C008509D8 /* ViewController.swift */,
			);
			name = Source;
			path = ../Source;
			sourceTree = "<group>";
		};
/* End PBXGroup section */

/* Begin PBXNativeTarget section */
		05D4195F2E06332600D909B5 /* ArisiaCard_iOS */ = {
			isa = PBXNativeTarget;
			buildConfigurationList = 05D419722E06332800D909B5 /* Build configuration list for PBXNativeTarget "ArisiaCard_iOS" */;
			buildPhases = (
				05D4195C2E06332600D909B5 /* Sources */,
				05D4195D2E06332600D909B5 /* Frameworks */,
				05D4195E2E06332600D909B5 /* Resources */,
				0560EC722E063849001CC392 /* Embed Frameworks */,
			);
			buildRules = (
			);
			dependencies = (
			);
			fileSystemSynchronizedGroups = (
				05D419612E06332600D909B5 /* ArisiaCard_iOS */,
			);
			name = ArisiaCard_iOS;
			packageProductDependencies = (
			);
			productName = ArisiaCard_iOS;
			productReference = 05D419602E06332600D909B5 /* ArisiaCard.app */;
			productType = "com.apple.product-type.application";
		};
		05F71CC22E06315C008509D8 /* ArisiaCard_macOS */ = {
			isa = PBXNativeTarget;
			buildConfigurationList = 05F71CD22E06315E008509D8 /* Build configuration list for PBXNativeTarget "ArisiaCard_macOS" */;
			buildPhases = (
				05F71CBF2E06315C008509D8 /* Sources */,
				05F71CC02E06315C008509D8 /* Frameworks */,
				05F71CC12E06315C008509D8 /* Resources */,
				0560EC6F2E063831001CC392 /* Embed Frameworks */,
			);
			buildRules = (
			);
			dependencies = (
			);
			fileSystemSynchronizedGroups = (
				05F71CC52E06315C008509D8 /* ArisiaCard_macOS */,
			);
			name = ArisiaCard_macOS;
			packageProductDependencies = (
			);
			productName = ArisiaCard;
			productReference = 05F71CC32E06315C008509D8 /* ArisiaCard.app */;
			productType = "com.apple.product-type.application";
		};
/* End PBXNativeTarget section */

/* Begin PBXProject section */
		05F71CBB2E06315C008509D8 /* Project object */ = {
			isa = PBXProject;
			attributes = {
				BuildIndependentTargetsInParallel = 1;
				LastSwiftUpdateCheck = 1640;
				LastUpgradeCheck = 1640;
				TargetAttributes = {
					05D4195F2E06332600D909B5 = {
						CreatedOnToolsVersion = 16.4;
					};
					05F71CC22E06315C008509D8 = {
						CreatedOnToolsVersion = 16.4;
					};
				};
			};
			buildConfigurationList = 05F71CBE2E06315C008509D8 /* Build configuration list for PBXProject "ArisiaCard" */;
			developmentRegion = en;
			hasScannedForEncodings = 0;
			knownRegions = (
				en,
				Base,
			);
			mainGroup = 05F71CBA2E06315C008509D8;
			minimizedProjectReferenceProxies = 1;
			preferredProjectObjectVersion = 77;
			productRefGroup = 05F71CC42E06315C008509D8 /* Products */;
			projectDirPath = "";
			projectRoot = "";
			targets = (
				05F71CC22E06315C008509D8 /* ArisiaCard_macOS */,
				05D4195F2E06332600D909B5 /* ArisiaCard_iOS */,
			);
		};
/* End PBXProject section */

/* Begin PBXResourcesBuildPhase section */
		05D4195E2E06332600D909B5 /* Resources */ = {
			isa = PBXResourcesBuildPhase;
			buildActionMask = 2147483647;
			files = (
			);
			runOnlyForDeploymentPostprocessing = 0;
		};
		05F71CC12E06315C008509D8 /* Resources */ = {
			isa = PBXResourcesBuildPhase;
			buildActionMask = 2147483647;
			files = (
			);
			runOnlyForDeploymentPostprocessing = 0;
		};
/* End PBXResourcesBuildPhase section */

/* Begin PBXSourcesBuildPhase section */
		05D4195C2E06332600D909B5 /* Sources */ = {
			isa = PBXSourcesBuildPhase;
			buildActionMask = 2147483647;
			files = (
				0560EC6A2E0635B8001CC392 /* ViewController.swift in Sources */,
			);
			runOnlyForDeploymentPostprocessing = 0;
		};
		05F71CBF2E06315C008509D8 /* Sources */ = {
			isa = PBXSourcesBuildPhase;
			buildActionMask = 2147483647;
			files = (
				05F71CC92E06315C008509D8 /* ViewController.swift in Sources */,
			);
			runOnlyForDeploymentPostprocessing = 0;
		};
/* End PBXSourcesBuildPhase section */

/* Begin XCBuildConfiguration section */
		05D419732E06332800D909B5 /* Debug */ = {
			isa = XCBuildConfiguration;
			buildSettings = {
				ASSETCATALOG_COMPILER_APPICON_NAME = AppIcon;
				ASSETCATALOG_COMPILER_GLOBAL_ACCENT_COLOR_NAME = AccentColor;
				CODE_SIGN_STYLE = Automatic;
				CURRENT_PROJECT_VERSION = 1;
				DEVELOPMENT_TEAM = TR2DNF3P93;
				GENERATE_INFOPLIST_FILE = YES;
				INFOPLIST_FILE = ArisiaCard_iOS/Info.plist;
				INFOPLIST_KEY_UIApplicationSupportsIndirectInputEvents = YES;
				INFOPLIST_KEY_UILaunchStoryboardName = LaunchScreen;
				INFOPLIST_KEY_UIMainStoryboardFile = Main;
				INFOPLIST_KEY_UISupportedInterfaceOrientations_iPad = "UIInterfaceOrientationPortrait UIInterfaceOrientationPortraitUpsideDown UIInterfaceOrientationLandscapeLeft UIInterfaceOrientationLandscapeRight";
				INFOPLIST_KEY_UISupportedInterfaceOrientations_iPhone = "UIInterfaceOrientationPortrait UIInterfaceOrientationLandscapeLeft UIInterfaceOrientationLandscapeRight";
				IPHONEOS_DEPLOYMENT_TARGET = 18.5;
				LD_RUNPATH_SEARCH_PATHS = (
					"$(inherited)",
					"@executable_path/Frameworks",
				);
				MARKETING_VERSION = 1.0;
				PRODUCT_BUNDLE_IDENTIFIER = "com.github.steel-wheels.ArisiaCard.iOS.ArisiaCard-iOS";
				PRODUCT_NAME = ArisiaCard;
				SDKROOT = iphoneos;
				SUPPORTED_PLATFORMS = "iphoneos iphonesimulator";
				SUPPORTS_MACCATALYST = NO;
				SUPPORTS_MAC_DESIGNED_FOR_IPHONE_IPAD = NO;
				SWIFT_EMIT_LOC_STRINGS = YES;
				SWIFT_VERSION = 5.0;
				TARGETED_DEVICE_FAMILY = "1,2";
			};
			name = Debug;
		};
		05D419742E06332800D909B5 /* Release */ = {
			isa = XCBuildConfiguration;
			buildSettings = {
				ASSETCATALOG_COMPILER_APPICON_NAME = AppIcon;
				ASSETCATALOG_COMPILER_GLOBAL_ACCENT_COLOR_NAME = AccentColor;
				CODE_SIGN_STYLE = Automatic;
				CURRENT_PROJECT_VERSION = 1;
				DEVELOPMENT_TEAM = TR2DNF3P93;
				GENERATE_INFOPLIST_FILE = YES;
				INFOPLIST_FILE = ArisiaCard_iOS/Info.plist;
				INFOPLIST_KEY_UIApplicationSupportsIndirectInputEvents = YES;
				INFOPLIST_KEY_UILaunchStoryboardName = LaunchScreen;
				INFOPLIST_KEY_UIMainStoryboardFile = Main;
				INFOPLIST_KEY_UISupportedInterfaceOrientations_iPad = "UIInterfaceOrientationPortrait UIInterfaceOrientationPortraitUpsideDown UIInterfaceOrientationLandscapeLeft UIInterfaceOrientationLandscapeRight";
				INFOPLIST_KEY_UISupportedInterfaceOrientations_iPhone = "UIInterfaceOrientationPortrait UIInterfaceOrientationLandscapeLeft UIInterfaceOrientationLandscapeRight";
				IPHONEOS_DEPLOYMENT_TARGET = 18.5;
				LD_RUNPATH_SEARCH_PATHS = (
					"$(inherited)",
					"@executable_path/Frameworks",
				);
				MARKETING_VERSION = 1.0;
				PRODUCT_BUNDLE_IDENTIFIER = "com.github.steel-wheels.ArisiaCard.iOS.ArisiaCard-iOS";
				PRODUCT_NAME = ArisiaCard;
				SDKROOT = iphoneos;
				SUPPORTED_PLATFORMS = "iphoneos iphonesimulator";
				SUPPORTS_MACCATALYST = NO;
				SUPPORTS_MAC_DESIGNED_FOR_IPHONE_IPAD = NO;
				SWIFT_EMIT_LOC_STRINGS = YES;
				SWIFT_VERSION = 5.0;
				TARGETED_DEVICE_FAMILY = "1,2";
				VALIDATE_PRODUCT = YES;
			};
			name = Release;
		};
		05F71CD02E06315E008509D8 /* Debug */ = {
			isa = XCBuildConfiguration;
			buildSettings = {
				ALWAYS_SEARCH_USER_PATHS = NO;
				ASSETCATALOG_COMPILER_GENERATE_SWIFT_ASSET_SYMBOL_EXTENSIONS = YES;
				CLANG_ANALYZER_NONNULL = YES;
				CLANG_ANALYZER_NUMBER_OBJECT_CONVERSION = YES_AGGRESSIVE;
				CLANG_CXX_LANGUAGE_STANDARD = "gnu++20";
				CLANG_ENABLE_MODULES = YES;
				CLANG_ENABLE_OBJC_ARC = YES;
				CLANG_ENABLE_OBJC_WEAK = YES;
				CLANG_WARN_BLOCK_CAPTURE_AUTORELEASING = YES;
				CLANG_WARN_BOOL_CONVERSION = YES;
				CLANG_WARN_COMMA = YES;
				CLANG_WARN_CONSTANT_CONVERSION = YES;
				CLANG_WARN_DEPRECATED_OBJC_IMPLEMENTATIONS = YES;
				CLANG_WARN_DIRECT_OBJC_ISA_USAGE = YES_ERROR;
				CLANG_WARN_DOCUMENTATION_COMMENTS = YES;
				CLANG_WARN_EMPTY_BODY = YES;
				CLANG_WARN_ENUM_CONVERSION = YES;
				CLANG_WARN_INFINITE_RECURSION = YES;
				CLANG_WARN_INT_CONVERSION = YES;
				CLANG_WARN_NON_LITERAL_NULL_CONVERSION = YES;
				CLANG_WARN_OBJC_IMPLICIT_RETAIN_SELF = YES;
				CLANG_WARN_OBJC_LITERAL_CONVERSION = YES;
				CLANG_WARN_OBJC_ROOT_CLASS = YES_ERROR;
				CLANG_WARN_QUOTED_INCLUDE_IN_FRAMEWORK_HEADER = YES;
				CLANG_WARN_RANGE_LOOP_ANALYSIS = YES;
				CLANG_WARN_STRICT_PROTOTYPES = YES;
				CLANG_WARN_SUSPICIOUS_MOVE = YES;
				CLANG_WARN_UNGUARDED_AVAILABILITY = YES_AGGRESSIVE;
				CLANG_WARN_UNREACHABLE_CODE = YES;
				CLANG_WARN__DUPLICATE_METHOD_MATCH = YES;
				COPY_PHASE_STRIP = NO;
				DEBUG_INFORMATION_FORMAT = dwarf;
				DEVELOPMENT_TEAM = TR2DNF3P93;
				ENABLE_STRICT_OBJC_MSGSEND = YES;
				ENABLE_TESTABILITY = YES;
				ENABLE_USER_SCRIPT_SANDBOXING = YES;
				GCC_C_LANGUAGE_STANDARD = gnu17;
				GCC_DYNAMIC_NO_PIC = NO;
				GCC_NO_COMMON_BLOCKS = YES;
				GCC_OPTIMIZATION_LEVEL = 0;
				GCC_PREPROCESSOR_DEFINITIONS = (
					"DEBUG=1",
					"$(inherited)",
				);
				GCC_WARN_64_TO_32_BIT_CONVERSION = YES;
				GCC_WARN_ABOUT_RETURN_TYPE = YES_ERROR;
				GCC_WARN_UNDECLARED_SELECTOR = YES;
				GCC_WARN_UNINITIALIZED_AUTOS = YES_AGGRESSIVE;
				GCC_WARN_UNUSED_FUNCTION = YES;
				GCC_WARN_UNUSED_VARIABLE = YES;
				LOCALIZATION_PREFERS_STRING_CATALOGS = YES;
				MACOSX_DEPLOYMENT_TARGET = 15.5;
				MTL_ENABLE_DEBUG_INFO = INCLUDE_SOURCE;
				MTL_FAST_MATH = YES;
				ONLY_ACTIVE_ARCH = YES;
				SDKROOT = macosx;
				SWIFT_ACTIVE_COMPILATION_CONDITIONS = "DEBUG $(inherited)";
				SWIFT_OPTIMIZATION_LEVEL = "-Onone";
			};
			name = Debug;
		};
		05F71CD12E06315E008509D8 /* Release */ = {
			isa = XCBuildConfiguration;
			buildSettings = {
				ALWAYS_SEARCH_USER_PATHS = NO;
				ASSETCATALOG_COMPILER_GENERATE_SWIFT_ASSET_SYMBOL_EXTENSIONS = YES;
				CLANG_ANALYZER_NONNULL = YES;
				CLANG_ANALYZER_NUMBER_OBJECT_CONVERSION = YES_AGGRESSIVE;
				CLANG_CXX_LANGUAGE_STANDARD = "gnu++20";
				CLANG_ENABLE_MODULES = YES;
				CLANG_ENABLE_OBJC_ARC = YES;
				CLANG_ENABLE_OBJC_WEAK = YES;
				CLANG_WARN_BLOCK_CAPTURE_AUTORELEASING = YES;
				CLANG_WARN_BOOL_CONVERSION = YES;
				CLANG_WARN_COMMA = YES;
				CLANG_WARN_CONSTANT_CONVERSION = YES;
				CLANG_WARN_DEPRECATED_OBJC_IMPLEMENTATIONS = YES;
				CLANG_WARN_DIRECT_OBJC_ISA_USAGE = YES_ERROR;
				CLANG_WARN_DOCUMENTATION_COMMENTS = YES;
				CLANG_WARN_EMPTY_BODY = YES;
				CLANG_WARN_ENUM_CONVERSION = YES;
				CLANG_WARN_INFINITE_RECURSION = YES;
				CLANG_WARN_INT_CONVERSION = YES;
				CLANG_WARN_NON_LITERAL_NULL_CONVERSION = YES;
				CLANG_WARN_OBJC_IMPLICIT_RETAIN_SELF = YES;
				CLANG_WARN_OBJC_LITERAL_CONVERSION = YES;
				CLANG_WARN_OBJC_ROOT_CLASS = YES_ERROR;
				CLANG_WARN_QUOTED_INCLUDE_IN_FRAMEWORK_HEADER = YES;
				CLANG_WARN_RANGE_LOOP_ANALYSIS = YES;
				CLANG_WARN_STRICT_PROTOTYPES = YES;
				CLANG_WARN_SUSPICIOUS_MOVE = YES;
				CLANG_WARN_UNGUARDED_AVAILABILITY = YES_AGGRESSIVE;
				CLANG_WARN_UNREACHABLE_CODE = YES;
				CLANG_WARN__DUPLICATE_METHOD_MATCH = YES;
				COPY_PHASE_STRIP = NO;
				DEBUG_INFORMATION_FORMAT = "dwarf-with-dsym";
				DEVELOPMENT_TEAM = TR2DNF3P93;
				ENABLE_NS_ASSERTIONS = NO;
				ENABLE_STRICT_OBJC_MSGSEND = YES;
				ENABLE_USER_SCRIPT_SANDBOXING = YES;
				GCC_C_LANGUAGE_STANDARD = gnu17;
				GCC_NO_COMMON_BLOCKS = YES;
				GCC_WARN_64_TO_32_BIT_CONVERSION = YES;
				GCC_WARN_ABOUT_RETURN_TYPE = YES_ERROR;
				GCC_WARN_UNDECLARED_SELECTOR = YES;
				GCC_WARN_UNINITIALIZED_AUTOS = YES_AGGRESSIVE;
				GCC_WARN_UNUSED_FUNCTION = YES;
				GCC_WARN_UNUSED_VARIABLE = YES;
				LOCALIZATION_PREFERS_STRING_CATALOGS = YES;
				MACOSX_DEPLOYMENT_TARGET = 15.5;
				MTL_ENABLE_DEBUG_INFO = NO;
				MTL_FAST_MATH = YES;
				SDKROOT = macosx;
				SWIFT_COMPILATION_MODE = wholemodule;
			};
			name = Release;
		};
		05F71CD32E06315E008509D8 /* Debug */ = {
			isa = XCBuildConfiguration;
			buildSettings = {
				ASSETCATALOG_COMPILER_APPICON_NAME = AppIcon;
				ASSETCATALOG_COMPILER_GLOBAL_ACCENT_COLOR_NAME = AccentColor;
				CODE_SIGN_ENTITLEMENTS = ArisiaCard_macOS/ArisiaCard.entitlements;
				CODE_SIGN_STYLE = Automatic;
				COMBINE_HIDPI_IMAGES = YES;
				CURRENT_PROJECT_VERSION = 1;
				DEVELOPMENT_TEAM = TR2DNF3P93;
				ENABLE_HARDENED_RUNTIME = YES;
				GENERATE_INFOPLIST_FILE = YES;
				INFOPLIST_KEY_NSHumanReadableCopyright = "";
				INFOPLIST_KEY_NSMainStoryboardFile = Main;
				INFOPLIST_KEY_NSPrincipalClass = NSApplication;
				LD_RUNPATH_SEARCH_PATHS = (
					"$(inherited)",
					"@executable_path/../Frameworks",
				);
				MARKETING_VERSION = 1.0;
				PRODUCT_BUNDLE_IDENTIFIER = "com.github.steel-wheels.ArisiaCard.ArisiaCard.macOS";
				PRODUCT_NAME = ArisiaCard;
				REGISTER_APP_GROUPS = YES;
				SWIFT_EMIT_LOC_STRINGS = YES;
				SWIFT_VERSION = 5.0;
			};
			name = Debug;
		};
		05F71CD42E06315E008509D8 /* Release */ = {
			isa = XCBuildConfiguration;
			buildSettings = {
				ASSETCATALOG_COMPILER_APPICON_NAME = AppIcon;
				ASSETCATALOG_COMPILER_GLOBAL_ACCENT_COLOR_NAME = AccentColor;
				CODE_SIGN_ENTITLEMENTS = ArisiaCard_macOS/ArisiaCard.entitlements;
				CODE_SIGN_STYLE = Automatic;
				COMBINE_HIDPI_IMAGES = YES;
				CURRENT_PROJECT_VERSION = 1;
				DEVELOPMENT_TEAM = TR2DNF3P93;
				ENABLE_HARDENED_RUNTIME = YES;
				GENERATE_INFOPLIST_FILE = YES;
				INFOPLIST_KEY_NSHumanReadableCopyright = "";
				INFOPLIST_KEY_NSMainStoryboardFile = Main;
				INFOPLIST_KEY_NSPrincipalClass = NSApplication;
				LD_RUNPATH_SEARCH_PATHS = (
					"$(inherited)",
					"@executable_path/../Frameworks",
				);
				MARKETING_VERSION = 1.0;
				PRODUCT_BUNDLE_IDENTIFIER = "com.github.steel-wheels.ArisiaCard.ArisiaCard.macOS";
				PRODUCT_NAME = ArisiaCard;
				REGISTER_APP_GROUPS = YES;
				SWIFT_EMIT_LOC_STRINGS = YES;
				SWIFT_VERSION = 5.0;
			};
			name = Release;
		};
/* End XCBuildConfiguration section */

/* Begin XCConfigurationList section */
		05D419722E06332800D909B5 /* Build configuration list for PBXNativeTarget "ArisiaCard_iOS" */ = {
			isa = XCConfigurationList;
			buildConfigurations = (
				05D419732E06332800D909B5 /* Debug */,
				05D419742E06332800D909B5 /* Release */,
			);
			defaultConfigurationIsVisible = 0;
			defaultConfigurationName = Release;
		};
		05F71CBE2E06315C008509D8 /* Build configuration list for PBXProject "ArisiaCard" */ = {
			isa = XCConfigurationList;
			buildConfigurations = (
				05F71CD02E06315E008509D8 /* Debug */,
				05F71CD12E06315E008509D8 /* Release */,
			);
			defaultConfigurationIsVisible = 0;
			defaultConfigurationName = Release;
		};
		05F71CD22E06315E008509D8 /* Build configuration list for PBXNativeTarget "ArisiaCard_macOS" */ = {
			isa = XCConfigurationList;
			buildConfigurations = (
				05F71CD32E06315E008509D8 /* Debug */,
				05F71CD42E06315E008509D8 /* Release */,
			);
			defaultConfigurationIsVisible = 0;
			defaultConfigurationName = Release;
		};
/* End XCConfigurationList section */
	};
	rootObject = 05F71CBB2E06315C008509D8 /* Project object */;
}
